{
  "name": "scrap-book",
  "version": "1.0.0",
  "lockfileVersion": 1,
  "requires": true,
  "dependencies": {
    "graceful-fs": {
      "version": "4.1.11",
      "resolved": "https://registry.npmjs.org/graceful-fs/-/graceful-fs-4.1.11.tgz",
      "integrity": "sha1-Dovf5NHduIVNZOBOp8AOKgJuVlg="
    },
    "inspect-with-kind": {
      "version": "1.0.4",
      "resolved": "https://registry.npmjs.org/inspect-with-kind/-/inspect-with-kind-1.0.4.tgz",
      "integrity": "sha512-KN8VFSf62Ig4hyXtXODkWF6PIatrCIJF32KY8tQUwwLtgfNsr+3ZIpd+epM+pRbC86nJZycBPjWwziDvn/+6YQ==",
      "requires": {
        "kind-of": "6.0.2"
      }
    },
    "kind-of": {
      "version": "6.0.2",
      "resolved": "https://registry.npmjs.org/kind-of/-/kind-of-6.0.2.tgz",
      "integrity": "sha512-s5kLOcnH0XqDO+FvuaLX8DDjZ18CGFk7VygH40QoKPUQhW4e2rvM0rwUq0t8IQDOwYSeLK01U90OjzBTme2QqA=="
    },
    "open-file": {
      "version": "1.0.0",
      "resolved": "https://registry.npmjs.org/open-file/-/open-file-1.0.0.tgz",
      "integrity": "sha1-uNC4Vmki45rk/wSKafBRUfCNddk=",
      "requires": {
        "graceful-fs": "4.1.11",
        "inspect-with-kind": "1.0.4"
      }
    },
    "read-file": {
      "version": "0.2.0",
      "resolved": "https://registry.npmjs.org/read-file/-/read-file-0.2.0.tgz",
      "integrity": "sha1-cMa6+IQux9FUD5gf0Oau1Mgb1UU="
    },
    "sax": {
      "version": "1.2.4",
      "resolved": "https://registry.npmjs.org/sax/-/sax-1.2.4.tgz",
      "integrity": "sha512-NqVDv9TpANUjFm0N8uM5GxL36UgKi9/atZw+x7YFnQ8ckwFGKrl4xX4yWtrey3UJm5nP1kUbnYgLopqWNSRhWw=="
    },
    "xml-js": {
      "version": "1.6.4",
      "resolved": "https://registry.npmjs.org/xml-js/-/xml-js-1.6.4.tgz",
      "integrity": "sha512-ZJ4DPgx97LzSdZ0NAbd0J5gWeSgWTpL2hIH1j1bOmk6QMyppee0S+vQAv/H+oYY1923kck5msPWOuSs0BDUh/w==",
      "requires": {
        "sax": "1.2.4"
      }
    }
  }
}
